// !$*UTF8*$!
{
	archiveVersion = 1;
	classes = {
	};
	objectVersion = 46;
	objects = {

/* Begin PBXBuildFile section */
		993205D31E84E51800BB7543 /* DetailViewController.swift in Sources */ = {isa = PBXBuildFile; fileRef = 993205D21E84E51800BB7543 /* DetailViewController.swift */; };
		993205D51E84E53F00BB7543 /* TableViewCell.swift in Sources */ = {isa = PBXBuildFile; fileRef = 993205D41E84E53F00BB7543 /* TableViewCell.swift */; };
		99F372B91E84E26B0093AF3A /* AppDelegate.swift in Sources */ = {isa = PBXBuildFile; fileRef = 99F372B81E84E26B0093AF3A /* AppDelegate.swift */; };
		99F372BB1E84E26B0093AF3A /* ViewController.swift in Sources */ = {isa = PBXBuildFile; fileRef = 99F372BA1E84E26B0093AF3A /* ViewController.swift */; };
		99F372BE1E84E26B0093AF3A /* Main.storyboard in Resources */ = {isa = PBXBuildFile; fileRef = 99F372BC1E84E26B0093AF3A /* Main.storyboard */; };
		99F372C01E84E26C0093AF3A /* Assets.xcassets in Resources */ = {isa = PBXBuildFile; fileRef = 99F372BF1E84E26C0093AF3A /* Assets.xcassets */; };
		99F372C31E84E26C0093AF3A /* LaunchScreen.storyboard in Resources */ = {isa = PBXBuildFile; fileRef = 99F372C11E84E26C0093AF3A /* LaunchScreen.storyboard */; };
		99F372CE1E84E26C0093AF3A /* TelevisionaryTests.swift in Sources */ = {isa = PBXBuildFile; fileRef = 99F372CD1E84E26C0093AF3A /* TelevisionaryTests.swift */; };
		99F372D91E84E26C0093AF3A /* TelevisionaryUITests.swift in Sources */ = {isa = PBXBuildFile; fileRef = 99F372D81E84E26C0093AF3A /* TelevisionaryUITests.swift */; };
/* End PBXBuildFile section */

/* Begin PBXContainerItemProxy section */
		99F372CA1E84E26C0093AF3A /* PBXContainerItemProxy */ = {
			isa = PBXContainerItemProxy;
			containerPortal = 99F372AD1E84E26B0093AF3A /* Project object */;
			proxyType = 1;
			remoteGlobalIDString = 99F372B41E84E26B0093AF3A;
			remoteInfo = Televisionary;
		};
		99F372D51E84E26C0093AF3A /* PBXContainerItemProxy */ = {
			isa = PBXContainerItemProxy;
			containerPortal = 99F372AD1E84E26B0093AF3A /* Project object */;
			proxyType = 1;
			remoteGlobalIDString = 99F372B41E84E26B0093AF3A;
			remoteInfo = Televisionary;
		};
/* End PBXContainerItemProxy section */

/* Begin PBXFileReference section */
		993205D21E84E51800BB7543 /* DetailViewController.swift */ = {isa = PBXFileReference; fileEncoding = 4; lastKnownFileType = sourcecode.swift; path = DetailViewController.swift; sourceTree = "<group>"; };
		993205D41E84E53F00BB7543 /* TableViewCell.swift */ = {isa = PBXFileReference; fileEncoding = 4; lastKnownFileType = sourcecode.swift; path = TableViewCell.swift; sourceTree = "<group>"; };
		99F372B51E84E26B0093AF3A /* Televisionary.app */ = {isa = PBXFileReference; explicitFileType = wrapper.application; includeInIndex = 0; path = Televisionary.app; sourceTree = BUILT_PRODUCTS_DIR; };
		99F372B81E84E26B0093AF3A /* AppDelegate.swift */ = {isa = PBXFileReference; lastKnownFileType = sourcecode.swift; path = AppDelegate.swift; sourceTree = "<group>"; };
		99F372BA1E84E26B0093AF3A /* ViewController.swift */ = {isa = PBXFileReference; lastKnownFileType = sourcecode.swift; path = ViewController.swift; sourceTree = "<group>"; };
		99F372BD1E84E26B0093AF3A /* Base */ = {isa = PBXFileReference; lastKnownFileType = file.storyboard; name = Base; path = Base.lproj/Main.storyboard; sourceTree = "<group>"; };
		99F372BF1E84E26C0093AF3A /* Assets.xcassets */ = {isa = PBXFileReference; lastKnownFileType = folder.assetcatalog; path = Assets.xcassets; sourceTree = "<group>"; };
		99F372C21E84E26C0093AF3A /* Base */ = {isa = PBXFileReference; lastKnownFileType = file.storyboard; name = Base; path = Base.lproj/LaunchScreen.storyboard; sourceTree = "<group>"; };
		99F372C41E84E26C0093AF3A /* Info.plist */ = {isa = PBXFileReference; lastKnownFileType = text.plist.xml; path = Info.plist; sourceTree = "<group>"; };
		99F372C91E84E26C0093AF3A /* TelevisionaryTests.xctest */ = {isa = PBXFileReference; explicitFileType = wrapper.cfbundle; includeInIndex = 0; path = TelevisionaryTests.xctest; sourceTree = BUILT_PRODUCTS_DIR; };
		99F372CD1E84E26C0093AF3A /* TelevisionaryTests.swift */ = {isa = PBXFileReference; lastKnownFileType = sourcecode.swift; path = TelevisionaryTests.swift; sourceTree = "<group>"; };
		99F372CF1E84E26C0093AF3A /* Info.plist */ = {isa = PBXFileReference; lastKnownFileType = text.plist.xml; path = Info.plist; sourceTree = "<group>"; };
		99F372D41E84E26C0093AF3A /* TelevisionaryUITests.xctest */ = {isa = PBXFileReference; explicitFileType = wrapper.cfbundle; includeInIndex = 0; path = TelevisionaryUITests.xctest; sourceTree = BUILT_PRODUCTS_DIR; };
		99F372D81E84E26C0093AF3A /* TelevisionaryUITests.swift */ = {isa = PBXFileReference; lastKnownFileType = sourcecode.swift; path = TelevisionaryUITests.swift; sourceTree = "<group>"; };
		99F372DA1E84E26C0093AF3A /* Info.plist */ = {isa = PBXFileReference; lastKnownFileType = text.plist.xml; path = Info.plist; sourceTree = "<group>"; };
/* End PBXFileReference section */

/* Begin PBXFrameworksBuildPhase section */
		99F372B21E84E26B0093AF3A /* Frameworks */ = {
			isa = PBXFrameworksBuildPhase;
			buildActionMask = 2147483647;
			files = (
			);
			runOnlyForDeploymentPostprocessing = 0;
		};
		99F372C61E84E26C0093AF3A /* Frameworks */ = {
			isa = PBXFrameworksBuildPhase;
			buildActionMask = 2147483647;
			files = (
			);
			runOnlyForDeploymentPostprocessing = 0;
		};
		99F372D11E84E26C0093AF3A /* Frameworks */ = {
			isa = PBXFrameworksBuildPhase;
			buildActionMask = 2147483647;
			files = (
			);
			runOnlyForDeploymentPostprocessing = 0;
		};
/* End PBXFrameworksBuildPhase section */

/* Begin PBXGroup section */
		99F372AC1E84E26B0093AF3A = {
			isa = PBXGroup;
			children = (
				99F372B71E84E26B0093AF3A /* Televisionary */,
				99F372CC1E84E26C0093AF3A /* TelevisionaryTests */,
				99F372D71E84E26C0093AF3A /* TelevisionaryUITests */,
				99F372B61E84E26B0093AF3A /* Products */,
			);
			sourceTree = "<group>";
		};
		99F372B61E84E26B0093AF3A /* Products */ = {
			isa = PBXGroup;
			children = (
				99F372B51E84E26B0093AF3A /* Televisionary.app */,
				99F372C91E84E26C0093AF3A /* TelevisionaryTests.xctest */,
				99F372D41E84E26C0093AF3A /* TelevisionaryUITests.xctest */,
			);
			name = Products;
			sourceTree = "<group>";
		};
		99F372B71E84E26B0093AF3A /* Televisionary */ = {
			isa = PBXGroup;
			children = (
				99F372B81E84E26B0093AF3A /* AppDelegate.swift */,
				99F372BC1E84E26B0093AF3A /* Main.storyboard */,
				99F372BF1E84E26C0093AF3A /* Assets.xcassets */,
				99F372C11E84E26C0093AF3A /* LaunchScreen.storyboard */,
				993205D21E84E51800BB7543 /* DetailViewController.swift */,
				99F372C41E84E26C0093AF3A /* Info.plist */,
				993205D41E84E53F00BB7543 /* TableViewCell.swift */,
				99F372BA1E84E26B0093AF3A /* ViewController.swift */,
			);
			path = Televisionary;
			sourceTree = "<group>";
		};
		99F372CC1E84E26C0093AF3A /* TelevisionaryTests */ = {
			isa = PBXGroup;
			children = (
				99F372CD1E84E26C0093AF3A /* TelevisionaryTests.swift */,
				99F372CF1E84E26C0093AF3A /* Info.plist */,
			);
			path = TelevisionaryTests;
			sourceTree = "<group>";
		};
		99F372D71E84E26C0093AF3A /* TelevisionaryUITests */ = {
			isa = PBXGroup;
			children = (
				99F372D81E84E26C0093AF3A /* TelevisionaryUITests.swift */,
				99F372DA1E84E26C0093AF3A /* Info.plist */,
			);
			path = TelevisionaryUITests;
			sourceTree = "<group>";
		};
/* End PBXGroup section */

/* Begin PBXNativeTarget section */
		99F372B41E84E26B0093AF3A /* Televisionary */ = {
			isa = PBXNativeTarget;
			buildConfigurationList = 99F372DD1E84E26C0093AF3A /* Build configuration list for PBXNativeTarget "Televisionary" */;
			buildPhases = (
				99F372B11E84E26B0093AF3A /* Sources */,
				99F372B21E84E26B0093AF3A /* Frameworks */,
				99F372B31E84E26B0093AF3A /* Resources */,
			);
			buildRules = (
			);
			dependencies = (
			);
			name = Televisionary;
			productName = Televisionary;
			productReference = 99F372B51E84E26B0093AF3A /* Televisionary.app */;
			productType = "com.apple.product-type.application";
		};
		99F372C81E84E26C0093AF3A /* TelevisionaryTests */ = {
			isa = PBXNativeTarget;
			buildConfigurationList = 99F372E01E84E26C0093AF3A /* Build configuration list for PBXNativeTarget "TelevisionaryTests" */;
			buildPhases = (
				99F372C51E84E26C0093AF3A /* Sources */,
				99F372C61E84E26C0093AF3A /* Frameworks */,
				99F372C71E84E26C0093AF3A /* Resources */,
			);
			buildRules = (
			);
			dependencies = (
				99F372CB1E84E26C0093AF3A /* PBXTargetDependency */,
			);
			name = TelevisionaryTests;
			productName = TelevisionaryTests;
			productReference = 99F372C91E84E26C0093AF3A /* TelevisionaryTests.xctest */;
			productType = "com.apple.product-type.bundle.unit-test";
		};
		99F372D31E84E26C0093AF3A /* TelevisionaryUITests */ = {
			isa = PBXNativeTarget;
			buildConfigurationList = 99F372E31E84E26C0093AF3A /* Build configuration list for PBXNativeTarget "TelevisionaryUITests" */;
			buildPhases = (
				99F372D01E84E26C0093AF3A /* Sources */,
				99F372D11E84E26C0093AF3A /* Frameworks */,
				99F372D21E84E26C0093AF3A /* Resources */,
			);
			buildRules = (
			);
			dependencies = (
				99F372D61E84E26C0093AF3A /* PBXTargetDependency */,
			);
			name = TelevisionaryUITests;
			productName = TelevisionaryUITests;
			productReference = 99F372D41E84E26C0093AF3A /* TelevisionaryUITests.xctest */;
			productType = "com.apple.product-type.bundle.ui-testing";
		};
/* End PBXNativeTarget section */

/* Begin PBXProject section */
		99F372AD1E84E26B0093AF3A /* Project object */ = {
			isa = PBXProject;
			attributes = {
				LastSwiftUpdateCheck = 0800;
				LastUpgradeCheck = 0800;
				ORGANIZATIONNAME = "Dilinie Seimon";
				TargetAttributes = {
					99F372B41E84E26B0093AF3A = {
						CreatedOnToolsVersion = 8.0;
						ProvisioningStyle = Automatic;
					};
					99F372C81E84E26C0093AF3A = {
						CreatedOnToolsVersion = 8.0;
						ProvisioningStyle = Automatic;
						TestTargetID = 99F372B41E84E26B0093AF3A;
					};
					99F372D31E84E26C0093AF3A = {
						CreatedOnToolsVersion = 8.0;
						ProvisioningStyle = Automatic;
						TestTargetID = 99F372B41E84E26B0093AF3A;
					};
				};
			};
			buildConfigurationList = 99F372B01E84E26B0093AF3A /* Build configuration list for PBXProject "Televisionary" */;
			compatibilityVersion = "Xcode 3.2";
			developmentRegion = English;
			hasScannedForEncodings = 0;
			knownRegions = (
				en,
				Base,
			);
			mainGroup = 99F372AC1E84E26B0093AF3A;
			productRefGroup = 99F372B61E84E26B0093AF3A /* Products */;
			projectDirPath = "";
			projectRoot = "";
			targets = (
				99F372B41E84E26B0093AF3A /* Televisionary */,
				99F372C81E84E26C0093AF3A /* TelevisionaryTests */,
				99F372D31E84E26C0093AF3A /* TelevisionaryUITests */,
			);
		};
/* End PBXProject section */

/* Begin PBXResourcesBuildPhase section */
		99F372B31E84E26B0093AF3A /* Resources */ = {
			isa = PBXResourcesBuildPhase;
			buildActionMask = 2147483647;
			files = (
				99F372C31E84E26C0093AF3A /* LaunchScreen.storyboard in Resources */,
				99F372C01E84E26C0093AF3A /* Assets.xcassets in Resources */,
				99F372BE1E84E26B0093AF3A /* Main.storyboard in Resources */,
			);
			runOnlyForDeploymentPostprocessing = 0;
		};
		99F372C71E84E26C0093AF3A /* Resources */ = {
			isa = PBXResourcesBuildPhase;
			buildActionMask = 2147483647;
			files = (
			);
			runOnlyForDeploymentPostprocessing = 0;
		};
		99F372D21E84E26C0093AF3A /* Resources */ = {
			isa = PBXResourcesBuildPhase;
			buildActionMask = 2147483647;
			files = (
			);
			runOnlyForDeploymentPostprocessing = 0;
		};
/* End PBXResourcesBuildPhase section */

/* Begin PBXSourcesBuildPhase section */
		99F372B11E84E26B0093AF3A /* Sources */ = {
			isa = PBXSourcesBuildPhase;
			buildActionMask = 2147483647;
			files = (
				993205D31E84E51800BB7543 /* DetailViewController.swift in Sources */,
				993205D51E84E53F00BB7543 /* TableViewCell.swift in Sources */,
				99F372BB1E84E26B0093AF3A /* ViewController.swift in Sources */,
				99F372B91E84E26B0093AF3A /* AppDelegate.swift in Sources */,
			);
			runOnlyForDeploymentPostprocessing = 0;
		};
		99F372C51E84E26C0093AF3A /* Sources */ = {
			isa = PBXSourcesBuildPhase;
			buildActionMask = 2147483647;
			files = (
				99F372CE1E84E26C0093AF3A /* TelevisionaryTests.swift in Sources */,
			);
			runOnlyForDeploymentPostprocessing = 0;
		};
		99F372D01E84E26C0093AF3A /* Sources */ = {
			isa = PBXSourcesBuildPhase;
			buildActionMask = 2147483647;
			files = (
				99F372D91E84E26C0093AF3A /* TelevisionaryUITests.swift in Sources */,
			);
			runOnlyForDeploymentPostprocessing = 0;
		};
/* End PBXSourcesBuildPhase section */

/* Begin PBXTargetDependency section */
		99F372CB1E84E26C0093AF3A /* PBXTargetDependency */ = {
			isa = PBXTargetDependency;
			target = 99F372B41E84E26B0093AF3A /* Televisionary */;
			targetProxy = 99F372CA1E84E26C0093AF3A /* PBXContainerItemProxy */;
		};
		99F372D61E84E26C0093AF3A /* PBXTargetDependency */ = {
			isa = PBXTargetDependency;
			target = 99F372B41E84E26B0093AF3A /* Televisionary */;
			targetProxy = 99F372D51E84E26C0093AF3A /* PBXContainerItemProxy */;
		};
/* End PBXTargetDependency section */

/* Begin PBXVariantGroup section */
		99F372BC1E84E26B0093AF3A /* Main.storyboard */ = {
			isa = PBXVariantGroup;
			children = (
				99F372BD1E84E26B0093AF3A /* Base */,
			);
			name = Main.storyboard;
			sourceTree = "<group>";
		};
		99F372C11E84E26C0093AF3A /* LaunchScreen.storyboard */ = {
			isa = PBXVariantGroup;
			children = (
				99F372C21E84E26C0093AF3A /* Base */,
			);
			name = LaunchScreen.storyboard;
			sourceTree = "<group>";
		};
/* End PBXVariantGroup section */

/* Begin XCBuildConfiguration section */
		99F372DB1E84E26C0093AF3A /* Debug */ = {
			isa = XCBuildConfiguration;
			buildSettings = {
				ALWAYS_SEARCH_USER_PATHS = NO;
				CLANG_ANALYZER_NONNULL = YES;
				CLANG_CXX_LANGUAGE_STANDARD = "gnu++0x";
				CLANG_CXX_LIBRARY = "libc++";
				CLANG_ENABLE_MODULES = YES;
				CLANG_ENABLE_OBJC_ARC = YES;
				CLANG_WARN_BOOL_CONVERSION = YES;
				CLANG_WARN_CONSTANT_CONVERSION = YES;
				CLANG_WARN_DIRECT_OBJC_ISA_USAGE = YES_ERROR;
				CLANG_WARN_DOCUMENTATION_COMMENTS = YES;
				CLANG_WARN_EMPTY_BODY = YES;
				CLANG_WARN_ENUM_CONVERSION = YES;
				CLANG_WARN_INFINITE_RECURSION = YES;
				CLANG_WARN_INT_CONVERSION = YES;
				CLANG_WARN_OBJC_ROOT_CLASS = YES_ERROR;
				CLANG_WARN_SUSPICIOUS_MOVES = YES;
				CLANG_WARN_UNREACHABLE_CODE = YES;
				CLANG_WARN__DUPLICATE_METHOD_MATCH = YES;
				"CODE_SIGN_IDENTITY[sdk=iphoneos*]" = "iPhone Developer";
				COPY_PHASE_STRIP = NO;
				DEBUG_INFORMATION_FORMAT = dwarf;
				ENABLE_STRICT_OBJC_MSGSEND = YES;
				ENABLE_TESTABILITY = YES;
				GCC_C_LANGUAGE_STANDARD = gnu99;
				GCC_DYNAMIC_NO_PIC = NO;
				GCC_NO_COMMON_BLOCKS = YES;
				GCC_OPTIMIZATION_LEVEL = 0;
				GCC_PREPROCESSOR_DEFINITIONS = (
					"DEBUG=1",
					"$(inherited)",
				);
				GCC_WARN_64_TO_32_BIT_CONVERSION = YES;
				GCC_WARN_ABOUT_RETURN_TYPE = YES_ERROR;
				GCC_WARN_UNDECLARED_SELECTOR = YES;
				GCC_WARN_UNINITIALIZED_AUTOS = YES_AGGRESSIVE;
				GCC_WARN_UNUSED_FUNCTION = YES;
				GCC_WARN_UNUSED_VARIABLE = YES;
				IPHONEOS_DEPLOYMENT_TARGET = 10.0;
				MTL_ENABLE_DEBUG_INFO = YES;
				ONLY_ACTIVE_ARCH = YES;
				SDKROOT = iphoneos;
				SWIFT_ACTIVE_COMPILATION_CONDITIONS = DEBUG;
				SWIFT_OPTIMIZATION_LEVEL = "-Onone";
			};
			name = Debug;
		};
		99F372DC1E84E26C0093AF3A /* Release */ = {
			isa = XCBuildConfiguration;
			buildSettings = {
				ALWAYS_SEARCH_USER_PATHS = NO;
				CLANG_ANALYZER_NONNULL = YES;
				CLANG_CXX_LANGUAGE_STANDARD = "gnu++0x";
				CLANG_CXX_LIBRARY = "libc++";
				CLANG_ENABLE_MODULES = YES;
				CLANG_ENABLE_OBJC_ARC = YES;
				CLANG_WARN_BOOL_CONVERSION = YES;
				CLANG_WARN_CONSTANT_CONVERSION = YES;
				CLANG_WARN_DIRECT_OBJC_ISA_USAGE = YES_ERROR;
				CLANG_WARN_DOCUMENTATION_COMMENTS = YES;
				CLANG_WARN_EMPTY_BODY = YES;
				CLANG_WARN_ENUM_CONVERSION = YES;
				CLANG_WARN_INFINITE_RECURSION = YES;
				CLANG_WARN_INT_CONVERSION = YES;
				CLANG_WARN_OBJC_ROOT_CLASS = YES_ERROR;
				CLANG_WARN_SUSPICIOUS_MOVES = YES;
				CLANG_WARN_UNREACHABLE_CODE = YES;
				CLANG_WARN__DUPLICATE_METHOD_MATCH = YES;
				"CODE_SIGN_IDENTITY[sdk=iphoneos*]" = "iPhone Developer";
				COPY_PHASE_STRIP = NO;
				DEBUG_INFORMATION_FORMAT = "dwarf-with-dsym";
				ENABLE_NS_ASSERTIONS = NO;
				ENABLE_STRICT_OBJC_MSGSEND = YES;
				GCC_C_LANGUAGE_STANDARD = gnu99;
				GCC_NO_COMMON_BLOCKS = YES;
				GCC_WARN_64_TO_32_BIT_CONVERSION = YES;
				GCC_WARN_ABOUT_RETURN_TYPE = YES_ERROR;
				GCC_WARN_UNDECLARED_SELECTOR = YES;
				GCC_WARN_UNINITIALIZED_AUTOS = YES_AGGRESSIVE;
				GCC_WARN_UNUSED_FUNCTION = YES;
				GCC_WARN_UNUSED_VARIABLE = YES;
				IPHONEOS_DEPLOYMENT_TARGET = 10.0;
				MTL_ENABLE_DEBUG_INFO = NO;
				SDKROOT = iphoneos;
				SWIFT_OPTIMIZATION_LEVEL = "-Owholemodule";
				VALIDATE_PRODUCT = YES;
			};
			name = Release;
		};
		99F372DE1E84E26C0093AF3A /* Debug */ = {
			isa = XCBuildConfiguration;
			buildSettings = {
				ASSETCATALOG_COMPILER_APPICON_NAME = AppIcon;
				INFOPLIST_FILE = Televisionary/Info.plist;
				LD_RUNPATH_SEARCH_PATHS = "$(inherited) @executable_path/Frameworks";
				PRODUCT_BUNDLE_IDENTIFIER = com.companyname.Televisionary;
				PRODUCT_NAME = "$(TARGET_NAME)";
				SWIFT_VERSION = 3.0;
			};
			name = Debug;
		};
		99F372DF1E84E26C0093AF3A /* Release */ = {
			isa = XCBuildConfiguration;
			buildSettings = {
				ASSETCATALOG_COMPILER_APPICON_NAME = AppIcon;
				INFOPLIST_FILE = Televisionary/Info.plist;
				LD_RUNPATH_SEARCH_PATHS = "$(inherited) @executable_path/Frameworks";
				PRODUCT_BUNDLE_IDENTIFIER = com.companyname.Televisionary;
				PRODUCT_NAME = "$(TARGET_NAME)";
				SWIFT_VERSION = 3.0;
			};
			name = Release;
		};
		99F372E11E84E26C0093AF3A /* Debug */ = {
			isa = XCBuildConfiguration;
			buildSettings = {
				ALWAYS_EMBED_SWIFT_STANDARD_LIBRARIES = YES;
				BUNDLE_LOADER = "$(TEST_HOST)";
				INFOPLIST_FILE = TelevisionaryTests/Info.plist;
				LD_RUNPATH_SEARCH_PATHS = "$(inherited) @executable_path/Frameworks @loader_path/Frameworks";
				PRODUCT_BUNDLE_IDENTIFIER = com.companyname.TelevisionaryTests;
				PRODUCT_NAME = "$(TARGET_NAME)";
				SWIFT_VERSION = 3.0;
				TEST_HOST = "$(BUILT_PRODUCTS_DIR)/Televisionary.app/Televisionary";
			};
			name = Debug;
		};
		99F372E21E84E26C0093AF3A /* Release */ = {
			isa = XCBuildConfiguration;
			buildSettings = {
				ALWAYS_EMBED_SWIFT_STANDARD_LIBRARIES = YES;
				BUNDLE_LOADER = "$(TEST_HOST)";
				INFOPLIST_FILE = TelevisionaryTests/Info.plist;
				LD_RUNPATH_SEARCH_PATHS = "$(inherited) @executable_path/Frameworks @loader_path/Frameworks";
				PRODUCT_BUNDLE_IDENTIFIER = com.companyname.TelevisionaryTests;
				PRODUCT_NAME = "$(TARGET_NAME)";
				SWIFT_VERSION = 3.0;
				TEST_HOST = "$(BUILT_PRODUCTS_DIR)/Televisionary.app/Televisionary";
			};
			name = Release;
		};
		99F372E41E84E26C0093AF3A /* Debug */ = {
			isa = XCBuildConfiguration;
			buildSettings = {
				ALWAYS_EMBED_SWIFT_STANDARD_LIBRARIES = YES;
				INFOPLIST_FILE = TelevisionaryUITests/Info.plist;
				LD_RUNPATH_SEARCH_PATHS = "$(inherited) @executable_path/Frameworks @loader_path/Frameworks";
				PRODUCT_BUNDLE_IDENTIFIER = com.companyname.TelevisionaryUITests;
				PRODUCT_NAME = "$(TARGET_NAME)";
				SWIFT_VERSION = 3.0;
				TEST_TARGET_NAME = Televisionary;
			};
			name = Debug;
		};
		99F372E51E84E26C0093AF3A /* Release */ = {
			isa = XCBuildConfiguration;
			buildSettings = {
				ALWAYS_EMBED_SWIFT_STANDARD_LIBRARIES = YES;
				INFOPLIST_FILE = TelevisionaryUITests/Info.plist;
				LD_RUNPATH_SEARCH_PATHS = "$(inherited) @executable_path/Frameworks @loader_path/Frameworks";
				PRODUCT_BUNDLE_IDENTIFIER = com.companyname.TelevisionaryUITests;
				PRODUCT_NAME = "$(TARGET_NAME)";
				SWIFT_VERSION = 3.0;
				TEST_TARGET_NAME = Televisionary;
			};
			name = Release;
		};
/* End XCBuildConfiguration section */

/* Begin XCConfigurationList section */
		99F372B01E84E26B0093AF3A /* Build configuration list for PBXProject "Televisionary" */ = {
			isa = XCConfigurationList;
			buildConfigurations = (
				99F372DB1E84E26C0093AF3A /* Debug */,
				99F372DC1E84E26C0093AF3A /* Release */,
			);
			defaultConfigurationIsVisible = 0;
			defaultConfigurationName = Release;
		};
		99F372DD1E84E26C0093AF3A /* Build configuration list for PBXNativeTarget "Televisionary" */ = {
			isa = XCConfigurationList;
			buildConfigurations = (
				99F372DE1E84E26C0093AF3A /* Debug */,
				99F372DF1E84E26C0093AF3A /* Release */,
			);
			defaultConfigurationIsVisible = 0;
			defaultConfigurationName = Release;
		};
		99F372E01E84E26C0093AF3A /* Build configuration list for PBXNativeTarget "TelevisionaryTests" */ = {
			isa = XCConfigurationList;
			buildConfigurations = (
				99F372E11E84E26C0093AF3A /* Debug */,
				99F372E21E84E26C0093AF3A /* Release */,
			);
			defaultConfigurationIsVisible = 0;
			defaultConfigurationName = Release;
		};
		99F372E31E84E26C0093AF3A /* Build configuration list for PBXNativeTarget "TelevisionaryUITests" */ = {
			isa = XCConfigurationList;
			buildConfigurations = (
				99F372E41E84E26C0093AF3A /* Debug */,
				99F372E51E84E26C0093AF3A /* Release */,
			);
			defaultConfigurationIsVisible = 0;
			defaultConfigurationName = Release;
		};
/* End XCConfigurationList section */
	};
	rootObject = 99F372AD1E84E26B0093AF3A /* Project object */;
}
